
Microsoft Visual Studio Solution File, Format Version 12.00
# Visual Studio 15
VisualStudioVersion = 15.0.27130.2027
MinimumVisualStudioVersion = 10.0.40219.1
Project("{FAE04EC0-301F-11D3-BF4B-00C04F79EFBC}") = "Client", "BankClientServer\Client.csproj", "{B6C59F0F-42FB-4AEB-8728-3A6189A8C931}"
EndProject
Project("{FAE04EC0-301F-11D3-BF4B-00C04F79EFBC}") = "Server", "Bank\Server.csproj", "{58EAB67F-112D-487C-82E7-8B084033936F}"
EndProject
Global
	GlobalSection(SolutionConfigurationPlatforms) = preSolution
		Debug|Any CPU = Debug|Any CPU
		Release|Any CPU = Release|Any CPU
	EndGlobalSection
	GlobalSection(ProjectConfigurationPlatforms) = postSolution
		{B6C59F0F-42FB-4AEB-8728-3A6189A8C931}.Debug|Any CPU.ActiveCfg = Debug|Any CPU
		{B6C59F0F-42FB-4AEB-8728-3A6189A8C931}.Debug|Any CPU.Build.0 = Debug|Any CPU
		{B6C59F0F-42FB-4AEB-8728-3A6189A8C931}.Release|Any CPU.ActiveCfg = Release|Any CPU
		{B6C59F0F-42FB-4AEB-8728-3A6189A8C931}.Release|Any CPU.Build.0 = Release|Any CPU
		{58EAB67F-112D-487C-82E7-8B084033936F}.Debug|Any CPU.ActiveCfg = Debug|Any CPU
		{58EAB67F-112D-487C-82E7-8B084033936F}.Debug|Any CPU.Build.0 = Debug|Any CPU
		{58EAB67F-112D-487C-82E7-8B084033936F}.Release|Any CPU.ActiveCfg = Release|Any CPU
		{58EAB67F-112D-487C-82E7-8B084033936F}.Release|Any CPU.Build.0 = Release|Any CPU
	EndGlobalSection
	GlobalSection(SolutionProperties) = preSolution
		HideSolutionNode = FALSE
	EndGlobalSection
	GlobalSection(ExtensibilityGlobals) = postSolution
		SolutionGuid = {5D272F2C-CA7E-4639-B1F2-0E35DC2CD378}
	EndGlobalSection
EndGlobal
